PODS:
  - Flutter (1.0.0)
  - WiseTracker (21.3.24)
  - wisetracker_sdk (0.0.1):
    - Flutter
    - WiseTracker

DEPENDENCIES:
  - Flutter (from `Flutter`)
  - wisetracker_sdk (from `.symlinks/plugins/wisetracker_sdk/ios`)

SPEC REPOS:
  trunk:
    - WiseTracker

EXTERNAL SOURCES:
  Flutter:
    :path: Flutter
  wisetracker_sdk:
    :path: ".symlinks/plugins/wisetracker_sdk/ios"

SPEC CHECKSUMS:
  Flutter: 0e3d915762c693b495b44d77113d4970485de6ec
  WiseTracker: e9523999e17f90fceba616d3067dc42355d47f76
  wisetracker_sdk: 7f2c9990103370fb36b2e8a2388a11f7b94b9966

PODFILE CHECKSUM: 8e679eca47255a8ca8067c4c67aab20e64cb974d

COCOAPODS: 1.9.3
